// !$*UTF8*$!
{
	archiveVersion = 1;
	classes = {
	};
	objectVersion = 56;
	objects = {

/* Begin PBXBuildFile section */
		46151CB729C1B9780054BCEA /* ProfilePubgViewController.swift in Sources */ = {isa = PBXBuildFile; fileRef = 46151CB629C1B9780054BCEA /* ProfilePubgViewController.swift */; };
		46151CC129C1E8470054BCEA /* ForgotFactory.swift in Sources */ = {isa = PBXBuildFile; fileRef = 46151CC029C1E8470054BCEA /* ForgotFactory.swift */; };
		46151CC329C1E8FC0054BCEA /* ForgotViewControllerCoordinator.swift in Sources */ = {isa = PBXBuildFile; fileRef = 46151CC229C1E8FC0054BCEA /* ForgotViewControllerCoordinator.swift */; };
		46151CC829C1E9F40054BCEA /* ForgotCoordinator.swift in Sources */ = {isa = PBXBuildFile; fileRef = 46151CC729C1E9F40054BCEA /* ForgotCoordinator.swift */; };
		8C2FC1A129BF786D00FDE5DC /* CoreDataManager.swift in Sources */ = {isa = PBXBuildFile; fileRef = 8C2FC1A029BF786D00FDE5DC /* CoreDataManager.swift */; };
		8C31FDB729C329E500196704 /* ContactViewController.swift in Sources */ = {isa = PBXBuildFile; fileRef = 8C31FDB629C329E500196704 /* ContactViewController.swift */; };
		8C7563DD29BB54AE000373F9 /* UIView+Constraint.swift in Sources */ = {isa = PBXBuildFile; fileRef = 8C7563DC29BB54AE000373F9 /* UIView+Constraint.swift */; };
		8C7563E029BB5E5E000373F9 /* SpinnerDisplayable.swift in Sources */ = {isa = PBXBuildFile; fileRef = 8C7563DF29BB5E5E000373F9 /* SpinnerDisplayable.swift */; };
		8C7563E229BB5E8A000373F9 /* ViewValues.swift in Sources */ = {isa = PBXBuildFile; fileRef = 8C7563E129BB5E8A000373F9 /* ViewValues.swift */; };
		8C7563E429BB5F17000373F9 /* MessageDisplayable.swift in Sources */ = {isa = PBXBuildFile; fileRef = 8C7563E329BB5F17000373F9 /* MessageDisplayable.swift */; };
		8C7563E629BB5FBA000373F9 /* HomeMenuViewModel.swift in Sources */ = {isa = PBXBuildFile; fileRef = 8C7563E529BB5FBA000373F9 /* HomeMenuViewModel.swift */; };
		8C7563E929BB600A000373F9 /* BaseViewModel.swift in Sources */ = {isa = PBXBuildFile; fileRef = 8C7563E829BB600A000373F9 /* BaseViewModel.swift */; };
		8C7563EC29BB6073000373F9 /* StateController.swift in Sources */ = {isa = PBXBuildFile; fileRef = 8C7563EB29BB6073000373F9 /* StateController.swift */; };
		8C7D65C229C3755E0038DF59 /* TabCoordinator.swift in Sources */ = {isa = PBXBuildFile; fileRef = 8C7D65C129C3755E0038DF59 /* TabCoordinator.swift */; };
		8C7D65C629C377E50038DF59 /* ProfileFactory.swift in Sources */ = {isa = PBXBuildFile; fileRef = 8C7D65C529C377E50038DF59 /* ProfileFactory.swift */; };
		8C7D65C829C379A90038DF59 /* ProfileCoordinator.swift in Sources */ = {isa = PBXBuildFile; fileRef = 8C7D65C729C379A90038DF59 /* ProfileCoordinator.swift */; };
		8C810F7729C3442A00AEE548 /* PruebaViewController.swift in Sources */ = {isa = PBXBuildFile; fileRef = 8C810F7629C3442A00AEE548 /* PruebaViewController.swift */; };
		8C810F7929C3690700AEE548 /* UIViewController+Keyboard.swift in Sources */ = {isa = PBXBuildFile; fileRef = 8C810F7829C3690700AEE548 /* UIViewController+Keyboard.swift */; };
		8C9F824229C3CA02003000CD /* PersonalDataViewController.swift in Sources */ = {isa = PBXBuildFile; fileRef = 8C9F824129C3CA02003000CD /* PersonalDataViewController.swift */; };
		8C9F824429C3CAAB003000CD /* PersonalDataFactory.swift in Sources */ = {isa = PBXBuildFile; fileRef = 8C9F824329C3CAAB003000CD /* PersonalDataFactory.swift */; };
		8C9F824629C3CB77003000CD /* PersonalDataCoordinator.swift in Sources */ = {isa = PBXBuildFile; fileRef = 8C9F824529C3CB77003000CD /* PersonalDataCoordinator.swift */; };
		8CA17EBB29C465E900ADFFE2 /* CreateNavController.swift in Sources */ = {isa = PBXBuildFile; fileRef = 8CA17EBA29C465E900ADFFE2 /* CreateNavController.swift */; };
		8CA17EBD29C46F8100ADFFE2 /* TabBarFactory.swift in Sources */ = {isa = PBXBuildFile; fileRef = 8CA17EBC29C46F8100ADFFE2 /* TabBarFactory.swift */; };
		8CA398AD29B72A1F00C09746 /* AppDelegate.swift in Sources */ = {isa = PBXBuildFile; fileRef = 8CA398AC29B72A1F00C09746 /* AppDelegate.swift */; };
		8CA398AF29B72A1F00C09746 /* SceneDelegate.swift in Sources */ = {isa = PBXBuildFile; fileRef = 8CA398AE29B72A1F00C09746 /* SceneDelegate.swift */; };
		8CA398B129B72A1F00C09746 /* HomeMenuViewController.swift in Sources */ = {isa = PBXBuildFile; fileRef = 8CA398B029B72A1F00C09746 /* HomeMenuViewController.swift */; };
		8CA398B929B72A2000C09746 /* Assets.xcassets in Resources */ = {isa = PBXBuildFile; fileRef = 8CA398B829B72A2000C09746 /* Assets.xcassets */; };
		8CA398BC29B72A2000C09746 /* LaunchScreen.storyboard in Resources */ = {isa = PBXBuildFile; fileRef = 8CA398BA29B72A2000C09746 /* LaunchScreen.storyboard */; };
		8CA398C729B72A2000C09746 /* PubgStatsTests.swift in Sources */ = {isa = PBXBuildFile; fileRef = 8CA398C629B72A2000C09746 /* PubgStatsTests.swift */; };
		8CA398D129B72A2000C09746 /* PubgStatsUITests.swift in Sources */ = {isa = PBXBuildFile; fileRef = 8CA398D029B72A2000C09746 /* PubgStatsUITests.swift */; };
		8CA398D329B72A2000C09746 /* PubgStatsUITestsLaunchTests.swift in Sources */ = {isa = PBXBuildFile; fileRef = 8CA398D229B72A2000C09746 /* PubgStatsUITestsLaunchTests.swift */; };
		8CAC3E2D29C3055300A1FE34 /* GuideViewController.swift in Sources */ = {isa = PBXBuildFile; fileRef = 8CAC3E2C29C3055300A1FE34 /* GuideViewController.swift */; };
		8CAC3E2F29C3080600A1FE34 /* GuideViewModel.swift in Sources */ = {isa = PBXBuildFile; fileRef = 8CAC3E2E29C3080600A1FE34 /* GuideViewModel.swift */; };
		8CAC3E3129C31D4700A1FE34 /* UrlGuide.swift in Sources */ = {isa = PBXBuildFile; fileRef = 8CAC3E3029C31D4700A1FE34 /* UrlGuide.swift */; };
		8CAEB02029BB4968009282AF /* Coordinator.swift in Sources */ = {isa = PBXBuildFile; fileRef = 8CAEB01F29BB4968009282AF /* Coordinator.swift */; };
		8CAEB02329BB49C3009282AF /* AppCoordinator.swift in Sources */ = {isa = PBXBuildFile; fileRef = 8CAEB02229BB49C3009282AF /* AppCoordinator.swift */; };
		8CAEB02529BB4A09009282AF /* AppFactory.swift in Sources */ = {isa = PBXBuildFile; fileRef = 8CAEB02429BB4A09009282AF /* AppFactory.swift */; };
		8CAEB02729BB4D0B009282AF /* HomeCoordinator.swift in Sources */ = {isa = PBXBuildFile; fileRef = 8CAEB02629BB4D0B009282AF /* HomeCoordinator.swift */; };
		8CAEB02929BB4D49009282AF /* HomeFactory.swift in Sources */ = {isa = PBXBuildFile; fileRef = 8CAEB02829BB4D49009282AF /* HomeFactory.swift */; };
		8CB39B9529C05D2500B1D8EF /* LoginDataUseCase.swift in Sources */ = {isa = PBXBuildFile; fileRef = 8CB39B9429C05D2500B1D8EF /* LoginDataUseCase.swift */; };
		8CB39B9729C05DDE00B1D8EF /* LoginRepository.swift in Sources */ = {isa = PBXBuildFile; fileRef = 8CB39B9629C05DDE00B1D8EF /* LoginRepository.swift */; };
		8CB39B9B29C0604100B1D8EF /* LoginRepositoryImp.swift in Sources */ = {isa = PBXBuildFile; fileRef = 8CB39B9A29C0604100B1D8EF /* LoginRepositoryImp.swift */; };
		8CB39BA329C06F7A00B1D8EF /* ChangeTabBarCoordinator.swift in Sources */ = {isa = PBXBuildFile; fileRef = 8CB39BA229C06F7A00B1D8EF /* ChangeTabBarCoordinator.swift */; };
		8CB39BA729C0917000B1D8EF /* ViewScrollable.swift in Sources */ = {isa = PBXBuildFile; fileRef = 8CB39BA629C0917000B1D8EF /* ViewScrollable.swift */; };
		8CB39BA929C0919600B1D8EF /* KeyboardDisplayable.swift in Sources */ = {isa = PBXBuildFile; fileRef = 8CB39BA829C0919600B1D8EF /* KeyboardDisplayable.swift */; };
		8CB39BAC29C0C88800B1D8EF /* String+Hash.swift in Sources */ = {isa = PBXBuildFile; fileRef = 8CB39BAB29C0C88800B1D8EF /* String+Hash.swift */; };
		8CB8FBC129C11DDA00AC52BD /* TabBarViewController.swift in Sources */ = {isa = PBXBuildFile; fileRef = 8CB8FBC029C11DDA00AC52BD /* TabBarViewController.swift */; };
		8CD7CD6229BEFF5700C57346 /* LocalDataProfileService.swift in Sources */ = {isa = PBXBuildFile; fileRef = 8CD7CD6129BEFF5700C57346 /* LocalDataProfileService.swift */; };
		8CD7CD6F29BF04E200C57346 /* Profile.xcdatamodeld in Sources */ = {isa = PBXBuildFile; fileRef = 8CD7CD6D29BF04E200C57346 /* Profile.xcdatamodeld */; };
		8CD7CD7129BF0C7000C57346 /* RegisterRepository.swift in Sources */ = {isa = PBXBuildFile; fileRef = 8CD7CD7029BF0C7000C57346 /* RegisterRepository.swift */; };
		8CD7CD7429BF0D4C00C57346 /* ProfileError.swift in Sources */ = {isa = PBXBuildFile; fileRef = 8CD7CD7329BF0D4C00C57346 /* ProfileError.swift */; };
		8CD7CD7629BF0DAA00C57346 /* RegisterRepositoryImp.swift in Sources */ = {isa = PBXBuildFile; fileRef = 8CD7CD7529BF0DAA00C57346 /* RegisterRepositoryImp.swift */; };
		8CD7CD8229BF1B0B00C57346 /* RegisterDataUseCase.swift in Sources */ = {isa = PBXBuildFile; fileRef = 8CD7CD8129BF1B0B00C57346 /* RegisterDataUseCase.swift */; };
		8CD7CD8629BF3DA900C57346 /* AppContainer.swift in Sources */ = {isa = PBXBuildFile; fileRef = 8CD7CD8529BF3DA900C57346 /* AppContainer.swift */; };
		8CD7CD8A29BF53A800C57346 /* RegisterCoordinator.swift in Sources */ = {isa = PBXBuildFile; fileRef = 8CD7CD8929BF53A800C57346 /* RegisterCoordinator.swift */; };
		8CD7CD8C29BF53EA00C57346 /* RegisterFactory.swift in Sources */ = {isa = PBXBuildFile; fileRef = 8CD7CD8B29BF53EA00C57346 /* RegisterFactory.swift */; };
		8CD7CD8F29BF54D600C57346 /* RegisterViewController.swift in Sources */ = {isa = PBXBuildFile; fileRef = 8CD7CD8E29BF54D600C57346 /* RegisterViewController.swift */; };
		8CD7CD9329BF62BE00C57346 /* RegisterViewModel.swift in Sources */ = {isa = PBXBuildFile; fileRef = 8CD7CD9229BF62BE00C57346 /* RegisterViewModel.swift */; };
/* End PBXBuildFile section */

/* Begin PBXContainerItemProxy section */
		8CA398C329B72A2000C09746 /* PBXContainerItemProxy */ = {
			isa = PBXContainerItemProxy;
			containerPortal = 8CA398A129B72A1F00C09746 /* Project object */;
			proxyType = 1;
			remoteGlobalIDString = 8CA398A829B72A1F00C09746;
			remoteInfo = PubgStats;
		};
		8CA398CD29B72A2000C09746 /* PBXContainerItemProxy */ = {
			isa = PBXContainerItemProxy;
			containerPortal = 8CA398A129B72A1F00C09746 /* Project object */;
			proxyType = 1;
			remoteGlobalIDString = 8CA398A829B72A1F00C09746;
			remoteInfo = PubgStats;
		};
/* End PBXContainerItemProxy section */

/* Begin PBXFileReference section */
		46151CB629C1B9780054BCEA /* ProfilePubgViewController.swift */ = {isa = PBXFileReference; lastKnownFileType = sourcecode.swift; path = ProfilePubgViewController.swift; sourceTree = "<group>"; };
		46151CC029C1E8470054BCEA /* ForgotFactory.swift */ = {isa = PBXFileReference; lastKnownFileType = sourcecode.swift; path = ForgotFactory.swift; sourceTree = "<group>"; };
		46151CC229C1E8FC0054BCEA /* ForgotViewControllerCoordinator.swift */ = {isa = PBXFileReference; lastKnownFileType = sourcecode.swift; name = ForgotViewControllerCoordinator.swift; path = PubgStats/AppLogin/ScreenModules/ForgotPassword/ForgotViewControllerCoordinator.swift; sourceTree = SOURCE_ROOT; };
		46151CC729C1E9F40054BCEA /* ForgotCoordinator.swift */ = {isa = PBXFileReference; lastKnownFileType = sourcecode.swift; path = ForgotCoordinator.swift; sourceTree = "<group>"; };
		8C2FC1A029BF786D00FDE5DC /* CoreDataManager.swift */ = {isa = PBXFileReference; lastKnownFileType = sourcecode.swift; path = CoreDataManager.swift; sourceTree = "<group>"; };
		8C31FDB629C329E500196704 /* ContactViewController.swift */ = {isa = PBXFileReference; lastKnownFileType = sourcecode.swift; path = ContactViewController.swift; sourceTree = "<group>"; };
		8C7563DC29BB54AE000373F9 /* UIView+Constraint.swift */ = {isa = PBXFileReference; lastKnownFileType = sourcecode.swift; path = "UIView+Constraint.swift"; sourceTree = "<group>"; };
		8C7563DF29BB5E5E000373F9 /* SpinnerDisplayable.swift */ = {isa = PBXFileReference; lastKnownFileType = sourcecode.swift; path = SpinnerDisplayable.swift; sourceTree = "<group>"; };
		8C7563E129BB5E8A000373F9 /* ViewValues.swift */ = {isa = PBXFileReference; lastKnownFileType = sourcecode.swift; path = ViewValues.swift; sourceTree = "<group>"; };
		8C7563E329BB5F17000373F9 /* MessageDisplayable.swift */ = {isa = PBXFileReference; lastKnownFileType = sourcecode.swift; path = MessageDisplayable.swift; sourceTree = "<group>"; };
		8C7563E529BB5FBA000373F9 /* HomeMenuViewModel.swift */ = {isa = PBXFileReference; lastKnownFileType = sourcecode.swift; path = HomeMenuViewModel.swift; sourceTree = "<group>"; };
		8C7563E829BB600A000373F9 /* BaseViewModel.swift */ = {isa = PBXFileReference; lastKnownFileType = sourcecode.swift; path = BaseViewModel.swift; sourceTree = "<group>"; };
		8C7563EB29BB6073000373F9 /* StateController.swift */ = {isa = PBXFileReference; lastKnownFileType = sourcecode.swift; path = StateController.swift; sourceTree = "<group>"; };
		8C7D65C129C3755E0038DF59 /* TabCoordinator.swift */ = {isa = PBXFileReference; lastKnownFileType = sourcecode.swift; path = TabCoordinator.swift; sourceTree = "<group>"; };
		8C7D65C529C377E50038DF59 /* ProfileFactory.swift */ = {isa = PBXFileReference; lastKnownFileType = sourcecode.swift; path = ProfileFactory.swift; sourceTree = "<group>"; };
		8C7D65C729C379A90038DF59 /* ProfileCoordinator.swift */ = {isa = PBXFileReference; lastKnownFileType = sourcecode.swift; path = ProfileCoordinator.swift; sourceTree = "<group>"; };
		8C810F7629C3442A00AEE548 /* PruebaViewController.swift */ = {isa = PBXFileReference; lastKnownFileType = sourcecode.swift; path = PruebaViewController.swift; sourceTree = "<group>"; };
		8C810F7829C3690700AEE548 /* UIViewController+Keyboard.swift */ = {isa = PBXFileReference; lastKnownFileType = sourcecode.swift; path = "UIViewController+Keyboard.swift"; sourceTree = "<group>"; };
		8C9F824129C3CA02003000CD /* PersonalDataViewController.swift */ = {isa = PBXFileReference; lastKnownFileType = sourcecode.swift; path = PersonalDataViewController.swift; sourceTree = "<group>"; };
		8C9F824329C3CAAB003000CD /* PersonalDataFactory.swift */ = {isa = PBXFileReference; lastKnownFileType = sourcecode.swift; path = PersonalDataFactory.swift; sourceTree = "<group>"; };
		8C9F824529C3CB77003000CD /* PersonalDataCoordinator.swift */ = {isa = PBXFileReference; lastKnownFileType = sourcecode.swift; path = PersonalDataCoordinator.swift; sourceTree = "<group>"; };
		8CA17EBA29C465E900ADFFE2 /* CreateNavController.swift */ = {isa = PBXFileReference; lastKnownFileType = sourcecode.swift; path = CreateNavController.swift; sourceTree = "<group>"; };
		8CA17EBC29C46F8100ADFFE2 /* TabBarFactory.swift */ = {isa = PBXFileReference; lastKnownFileType = sourcecode.swift; path = TabBarFactory.swift; sourceTree = "<group>"; };
		8CA398A929B72A1F00C09746 /* PubgStats.app */ = {isa = PBXFileReference; explicitFileType = wrapper.application; includeInIndex = 0; path = PubgStats.app; sourceTree = BUILT_PRODUCTS_DIR; };
		8CA398AC29B72A1F00C09746 /* AppDelegate.swift */ = {isa = PBXFileReference; lastKnownFileType = sourcecode.swift; path = AppDelegate.swift; sourceTree = "<group>"; };
		8CA398AE29B72A1F00C09746 /* SceneDelegate.swift */ = {isa = PBXFileReference; lastKnownFileType = sourcecode.swift; path = SceneDelegate.swift; sourceTree = "<group>"; };
		8CA398B029B72A1F00C09746 /* HomeMenuViewController.swift */ = {isa = PBXFileReference; lastKnownFileType = sourcecode.swift; path = HomeMenuViewController.swift; sourceTree = "<group>"; };
		8CA398B829B72A2000C09746 /* Assets.xcassets */ = {isa = PBXFileReference; lastKnownFileType = folder.assetcatalog; path = Assets.xcassets; sourceTree = "<group>"; };
		8CA398BB29B72A2000C09746 /* Base */ = {isa = PBXFileReference; lastKnownFileType = file.storyboard; name = Base; path = Base.lproj/LaunchScreen.storyboard; sourceTree = "<group>"; };
		8CA398BD29B72A2000C09746 /* Info.plist */ = {isa = PBXFileReference; lastKnownFileType = text.plist.xml; path = Info.plist; sourceTree = "<group>"; };
		8CA398C229B72A2000C09746 /* PubgStatsTests.xctest */ = {isa = PBXFileReference; explicitFileType = wrapper.cfbundle; includeInIndex = 0; path = PubgStatsTests.xctest; sourceTree = BUILT_PRODUCTS_DIR; };
		8CA398C629B72A2000C09746 /* PubgStatsTests.swift */ = {isa = PBXFileReference; lastKnownFileType = sourcecode.swift; path = PubgStatsTests.swift; sourceTree = "<group>"; };
		8CA398CC29B72A2000C09746 /* PubgStatsUITests.xctest */ = {isa = PBXFileReference; explicitFileType = wrapper.cfbundle; includeInIndex = 0; path = PubgStatsUITests.xctest; sourceTree = BUILT_PRODUCTS_DIR; };
		8CA398D029B72A2000C09746 /* PubgStatsUITests.swift */ = {isa = PBXFileReference; lastKnownFileType = sourcecode.swift; path = PubgStatsUITests.swift; sourceTree = "<group>"; };
		8CA398D229B72A2000C09746 /* PubgStatsUITestsLaunchTests.swift */ = {isa = PBXFileReference; lastKnownFileType = sourcecode.swift; path = PubgStatsUITestsLaunchTests.swift; sourceTree = "<group>"; };
		8CAC3E2C29C3055300A1FE34 /* GuideViewController.swift */ = {isa = PBXFileReference; lastKnownFileType = sourcecode.swift; path = GuideViewController.swift; sourceTree = "<group>"; };
		8CAC3E2E29C3080600A1FE34 /* GuideViewModel.swift */ = {isa = PBXFileReference; lastKnownFileType = sourcecode.swift; path = GuideViewModel.swift; sourceTree = "<group>"; };
		8CAC3E3029C31D4700A1FE34 /* UrlGuide.swift */ = {isa = PBXFileReference; lastKnownFileType = sourcecode.swift; path = UrlGuide.swift; sourceTree = "<group>"; };
		8CAEB01F29BB4968009282AF /* Coordinator.swift */ = {isa = PBXFileReference; lastKnownFileType = sourcecode.swift; path = Coordinator.swift; sourceTree = "<group>"; };
		8CAEB02229BB49C3009282AF /* AppCoordinator.swift */ = {isa = PBXFileReference; lastKnownFileType = sourcecode.swift; path = AppCoordinator.swift; sourceTree = "<group>"; };
		8CAEB02429BB4A09009282AF /* AppFactory.swift */ = {isa = PBXFileReference; lastKnownFileType = sourcecode.swift; path = AppFactory.swift; sourceTree = "<group>"; };
		8CAEB02629BB4D0B009282AF /* HomeCoordinator.swift */ = {isa = PBXFileReference; lastKnownFileType = sourcecode.swift; path = HomeCoordinator.swift; sourceTree = "<group>"; };
		8CAEB02829BB4D49009282AF /* HomeFactory.swift */ = {isa = PBXFileReference; lastKnownFileType = sourcecode.swift; path = HomeFactory.swift; sourceTree = "<group>"; };
		8CB39B9429C05D2500B1D8EF /* LoginDataUseCase.swift */ = {isa = PBXFileReference; lastKnownFileType = sourcecode.swift; path = LoginDataUseCase.swift; sourceTree = "<group>"; };
		8CB39B9629C05DDE00B1D8EF /* LoginRepository.swift */ = {isa = PBXFileReference; lastKnownFileType = sourcecode.swift; path = LoginRepository.swift; sourceTree = "<group>"; };
		8CB39B9A29C0604100B1D8EF /* LoginRepositoryImp.swift */ = {isa = PBXFileReference; lastKnownFileType = sourcecode.swift; path = LoginRepositoryImp.swift; sourceTree = "<group>"; };
		8CB39BA229C06F7A00B1D8EF /* ChangeTabBarCoordinator.swift */ = {isa = PBXFileReference; lastKnownFileType = sourcecode.swift; path = ChangeTabBarCoordinator.swift; sourceTree = "<group>"; };
		8CB39BA629C0917000B1D8EF /* ViewScrollable.swift */ = {isa = PBXFileReference; lastKnownFileType = sourcecode.swift; path = ViewScrollable.swift; sourceTree = "<group>"; };
		8CB39BA829C0919600B1D8EF /* KeyboardDisplayable.swift */ = {isa = PBXFileReference; lastKnownFileType = sourcecode.swift; path = KeyboardDisplayable.swift; sourceTree = "<group>"; };
		8CB39BAB29C0C88800B1D8EF /* String+Hash.swift */ = {isa = PBXFileReference; lastKnownFileType = sourcecode.swift; path = "String+Hash.swift"; sourceTree = "<group>"; };
		8CB8FBC029C11DDA00AC52BD /* TabBarViewController.swift */ = {isa = PBXFileReference; lastKnownFileType = sourcecode.swift; path = TabBarViewController.swift; sourceTree = "<group>"; };
		8CD7CD6129BEFF5700C57346 /* LocalDataProfileService.swift */ = {isa = PBXFileReference; lastKnownFileType = sourcecode.swift; path = LocalDataProfileService.swift; sourceTree = "<group>"; };
		8CD7CD6E29BF04E200C57346 /* Profile.xcdatamodel */ = {isa = PBXFileReference; lastKnownFileType = wrapper.xcdatamodel; path = Profile.xcdatamodel; sourceTree = "<group>"; };
		8CD7CD7029BF0C7000C57346 /* RegisterRepository.swift */ = {isa = PBXFileReference; lastKnownFileType = sourcecode.swift; path = RegisterRepository.swift; sourceTree = "<group>"; };
		8CD7CD7329BF0D4C00C57346 /* ProfileError.swift */ = {isa = PBXFileReference; lastKnownFileType = sourcecode.swift; path = ProfileError.swift; sourceTree = "<group>"; };
		8CD7CD7529BF0DAA00C57346 /* RegisterRepositoryImp.swift */ = {isa = PBXFileReference; lastKnownFileType = sourcecode.swift; path = RegisterRepositoryImp.swift; sourceTree = "<group>"; };
		8CD7CD8129BF1B0B00C57346 /* RegisterDataUseCase.swift */ = {isa = PBXFileReference; lastKnownFileType = sourcecode.swift; path = RegisterDataUseCase.swift; sourceTree = "<group>"; };
		8CD7CD8529BF3DA900C57346 /* AppContainer.swift */ = {isa = PBXFileReference; lastKnownFileType = sourcecode.swift; path = AppContainer.swift; sourceTree = "<group>"; };
		8CD7CD8929BF53A800C57346 /* RegisterCoordinator.swift */ = {isa = PBXFileReference; lastKnownFileType = sourcecode.swift; path = RegisterCoordinator.swift; sourceTree = "<group>"; };
		8CD7CD8B29BF53EA00C57346 /* RegisterFactory.swift */ = {isa = PBXFileReference; lastKnownFileType = sourcecode.swift; path = RegisterFactory.swift; sourceTree = "<group>"; };
		8CD7CD8E29BF54D600C57346 /* RegisterViewController.swift */ = {isa = PBXFileReference; lastKnownFileType = sourcecode.swift; path = RegisterViewController.swift; sourceTree = "<group>"; };
		8CD7CD9229BF62BE00C57346 /* RegisterViewModel.swift */ = {isa = PBXFileReference; lastKnownFileType = sourcecode.swift; path = RegisterViewModel.swift; sourceTree = "<group>"; };
/* End PBXFileReference section */

/* Begin PBXFrameworksBuildPhase section */
		8CA398A629B72A1F00C09746 /* Frameworks */ = {
			isa = PBXFrameworksBuildPhase;
			buildActionMask = 2147483647;
			files = (
			);
			runOnlyForDeploymentPostprocessing = 0;
		};
		8CA398BF29B72A2000C09746 /* Frameworks */ = {
			isa = PBXFrameworksBuildPhase;
			buildActionMask = 2147483647;
			files = (
			);
			runOnlyForDeploymentPostprocessing = 0;
		};
		8CA398C929B72A2000C09746 /* Frameworks */ = {
			isa = PBXFrameworksBuildPhase;
			buildActionMask = 2147483647;
			files = (
			);
			runOnlyForDeploymentPostprocessing = 0;
		};
/* End PBXFrameworksBuildPhase section */

/* Begin PBXGroup section */
		46151CB429C1B9480054BCEA /* LoginProfilePubg */ = {
			isa = PBXGroup;
			children = (
				8CAC3E2329C303C800A1FE34 /* Profile */,
				8CAEB00E29BB46DB009282AF /* PersonalData */,
			);
			path = LoginProfilePubg;
			sourceTree = "<group>";
		};
		46151CB529C1B9640054BCEA /* View */ = {
			isa = PBXGroup;
			children = (
				46151CB629C1B9780054BCEA /* ProfilePubgViewController.swift */,
			);
			path = View;
			sourceTree = "<group>";
		};
		46151CC429C1E9AD0054BCEA /* Contact */ = {
			isa = PBXGroup;
			children = (
				8C810F7529C33E5700AEE548 /* View */,
			);
			path = Contact;
			sourceTree = "<group>";
		};
		8C7563DA29BB5169000373F9 /* View */ = {
			isa = PBXGroup;
			children = (
				8CA398B029B72A1F00C09746 /* HomeMenuViewController.swift */,
			);
			path = View;
			sourceTree = "<group>";
		};
		8C7563DB29BB5173000373F9 /* ViewModel */ = {
			isa = PBXGroup;
			children = (
				8C7563E529BB5FBA000373F9 /* HomeMenuViewModel.swift */,
			);
			path = ViewModel;
			sourceTree = "<group>";
		};
		8C7563DE29BB5E3C000373F9 /* Components */ = {
			isa = PBXGroup;
			children = (
				8C7563DF29BB5E5E000373F9 /* SpinnerDisplayable.swift */,
				8C7563E329BB5F17000373F9 /* MessageDisplayable.swift */,
				8CB39BA629C0917000B1D8EF /* ViewScrollable.swift */,
				8CB39BA829C0919600B1D8EF /* KeyboardDisplayable.swift */,
				8CA17EBA29C465E900ADFFE2 /* CreateNavController.swift */,
			);
			path = Components;
			sourceTree = "<group>";
		};
		8C7563E729BB5FE6000373F9 /* ViewModel */ = {
			isa = PBXGroup;
			children = (
				8C7563E829BB600A000373F9 /* BaseViewModel.swift */,
			);
			path = ViewModel;
			sourceTree = "<group>";
		};
		8C7563EA29BB6068000373F9 /* StateController */ = {
			isa = PBXGroup;
			children = (
				8C7563EB29BB6073000373F9 /* StateController.swift */,
			);
			path = StateController;
			sourceTree = "<group>";
		};
		8C7563EE29BB6510000373F9 /* Domain */ = {
			isa = PBXGroup;
			children = (
				8CD7CD7229BF0D2E00C57346 /* Error */,
				8CD7CD6329BF014700C57346 /* UseCase */,
				8C7563F129BB653C000373F9 /* InterfaceRepositories */,
			);
			path = Domain;
			sourceTree = "<group>";
		};
		8C7563F129BB653C000373F9 /* InterfaceRepositories */ = {
			isa = PBXGroup;
			children = (
				8CB39B9629C05DDE00B1D8EF /* LoginRepository.swift */,
			);
			path = InterfaceRepositories;
			sourceTree = "<group>";
		};
		8C810F7529C33E5700AEE548 /* View */ = {
			isa = PBXGroup;
			children = (
				8C31FDB629C329E500196704 /* ContactViewController.swift */,
			);
			path = View;
			sourceTree = "<group>";
		};
		8C9F823D29C3C858003000CD /* FactoriesTabBAr */ = {
			isa = PBXGroup;
			children = (
				8CA17EBC29C46F8100ADFFE2 /* TabBarFactory.swift */,
				8C7D65C529C377E50038DF59 /* ProfileFactory.swift */,
				8C9F824329C3CAAB003000CD /* PersonalDataFactory.swift */,
			);
			path = FactoriesTabBAr;
			sourceTree = "<group>";
		};
		8C9F823E29C3C8C1003000CD /* CoordinatorScreenLogin */ = {
			isa = PBXGroup;
			children = (
				8CAEB02629BB4D0B009282AF /* HomeCoordinator.swift */,
				8CD7CD8929BF53A800C57346 /* RegisterCoordinator.swift */,
				46151CC729C1E9F40054BCEA /* ForgotCoordinator.swift */,
				8CB39BA229C06F7A00B1D8EF /* ChangeTabBarCoordinator.swift */,
			);
			path = CoordinatorScreenLogin;
			sourceTree = "<group>";
		};
		8C9F823F29C3C8DC003000CD /* TabBarCoordinator */ = {
			isa = PBXGroup;
			children = (
				8CAEB01B29BB47BA009282AF /* CoordinatorScreen */,
			);
			path = TabBarCoordinator;
			sourceTree = "<group>";
		};
		8C9F824029C3C950003000CD /* Factories */ = {
			isa = PBXGroup;
			children = (
				8CAEB01A29BB47A3009282AF /* FactoriesLogin */,
				8C9F823D29C3C858003000CD /* FactoriesTabBAr */,
			);
			path = Factories;
			sourceTree = "<group>";
		};
		8CA398A029B72A1F00C09746 = {
			isa = PBXGroup;
			children = (
				8CA398AB29B72A1F00C09746 /* PubgStats */,
				8CA398C529B72A2000C09746 /* PubgStatsTests */,
				8CA398CF29B72A2000C09746 /* PubgStatsUITests */,
				8CA398AA29B72A1F00C09746 /* Products */,
			);
			sourceTree = "<group>";
		};
		8CA398AA29B72A1F00C09746 /* Products */ = {
			isa = PBXGroup;
			children = (
				8CA398A929B72A1F00C09746 /* PubgStats.app */,
				8CA398C229B72A2000C09746 /* PubgStatsTests.xctest */,
				8CA398CC29B72A2000C09746 /* PubgStatsUITests.xctest */,
			);
			name = Products;
			sourceTree = "<group>";
		};
		8CA398AB29B72A1F00C09746 /* PubgStats */ = {
			isa = PBXGroup;
			children = (
				8CAEB00529BB460F009282AF /* AppLogin */,
				8CA398BD29B72A2000C09746 /* Info.plist */,
			);
			path = PubgStats;
			sourceTree = "<group>";
		};
		8CA398C529B72A2000C09746 /* PubgStatsTests */ = {
			isa = PBXGroup;
			children = (
				8CA398C629B72A2000C09746 /* PubgStatsTests.swift */,
			);
			path = PubgStatsTests;
			sourceTree = "<group>";
		};
		8CA398CF29B72A2000C09746 /* PubgStatsUITests */ = {
			isa = PBXGroup;
			children = (
				8CA398D029B72A2000C09746 /* PubgStatsUITests.swift */,
				8CA398D229B72A2000C09746 /* PubgStatsUITestsLaunchTests.swift */,
			);
			path = PubgStatsUITests;
			sourceTree = "<group>";
		};
		8CAC3E2229C303A000A1FE34 /* TabBar */ = {
			isa = PBXGroup;
			children = (
				46151CB429C1B9480054BCEA /* LoginProfilePubg */,
				8CAC3E2629C3047D00A1FE34 /* Favourite */,
				8CAC3E2529C3046A00A1FE34 /* Ranking */,
				8CAC3E2429C3045300A1FE34 /* Guide */,
				46151CC429C1E9AD0054BCEA /* Contact */,
			);
			path = TabBar;
			sourceTree = "<group>";
		};
		8CAC3E2329C303C800A1FE34 /* Profile */ = {
			isa = PBXGroup;
			children = (
				46151CB529C1B9640054BCEA /* View */,
			);
			path = Profile;
			sourceTree = "<group>";
		};
		8CAC3E2429C3045300A1FE34 /* Guide */ = {
			isa = PBXGroup;
			children = (
				8CAC3E2929C304FF00A1FE34 /* Data */,
				8CAC3E2729C304E700A1FE34 /* Presentation */,
			);
			path = Guide;
			sourceTree = "<group>";
		};
		8CAC3E2529C3046A00A1FE34 /* Ranking */ = {
			isa = PBXGroup;
			children = (
				8C810F7629C3442A00AEE548 /* PruebaViewController.swift */,
			);
			path = Ranking;
			sourceTree = "<group>";
		};
		8CAC3E2629C3047D00A1FE34 /* Favourite */ = {
			isa = PBXGroup;
			children = (
			);
			path = Favourite;
			sourceTree = "<group>";
		};
		8CAC3E2729C304E700A1FE34 /* Presentation */ = {
			isa = PBXGroup;
			children = (
				8CAC3E2B29C3054300A1FE34 /* View */,
				8CAC3E2A29C3053B00A1FE34 /* ViewModel */,
			);
			path = Presentation;
			sourceTree = "<group>";
		};
		8CAC3E2929C304FF00A1FE34 /* Data */ = {
			isa = PBXGroup;
			children = (
				8CAC3E3029C31D4700A1FE34 /* UrlGuide.swift */,
			);
			path = Data;
			sourceTree = "<group>";
		};
		8CAC3E2A29C3053B00A1FE34 /* ViewModel */ = {
			isa = PBXGroup;
			children = (
				8CAC3E2E29C3080600A1FE34 /* GuideViewModel.swift */,
			);
			path = ViewModel;
			sourceTree = "<group>";
		};
		8CAC3E2B29C3054300A1FE34 /* View */ = {
			isa = PBXGroup;
			children = (
				8CAC3E2C29C3055300A1FE34 /* GuideViewController.swift */,
			);
			path = View;
			sourceTree = "<group>";
		};
		8CAEB00529BB460F009282AF /* AppLogin */ = {
			isa = PBXGroup;
			children = (
				8CAEB00B29BB4662009282AF /* Storage */,
				8CAEB00A29BB465C009282AF /* Resources */,
				8CAEB00829BB4636009282AF /* Common */,
				8CAEB00729BB462C009282AF /* ScreenModules */,
				8CAEB00629BB4624009282AF /* CompositionRoot */,
			);
			path = AppLogin;
			sourceTree = "<group>";
		};
		8CAEB00629BB4624009282AF /* CompositionRoot */ = {
			isa = PBXGroup;
			children = (
				8CAEB01E29BB48F1009282AF /* System */,
				8CAEB01C29BB47C4009282AF /* DIContainer */,
				8C9F824029C3C950003000CD /* Factories */,
				8CAEB01929BB479B009282AF /* Coordinator */,
			);
			path = CompositionRoot;
			sourceTree = "<group>";
		};
		8CAEB00729BB462C009282AF /* ScreenModules */ = {
			isa = PBXGroup;
			children = (
				8CB8FBBF29C11D9000AC52BD /* AppTabBar */,
				8CAC3E2229C303A000A1FE34 /* TabBar */,
				8CAEB01D29BB4811009282AF /* LaunchScreen */,
				8CB39BAA29C0C25200B1D8EF /* ForgotPassword */,
				8CAEB00D29BB46AA009282AF /* Register */,
				8CAEB00C29BB468D009282AF /* HomeMenu */,
			);
			path = ScreenModules;
			sourceTree = "<group>";
		};
		8CAEB00829BB4636009282AF /* Common */ = {
			isa = PBXGroup;
			children = (
				8C7563DE29BB5E3C000373F9 /* Components */,
				8CAEB01229BB4721009282AF /* Layer */,
				8CAEB01029BB4711009282AF /* Constant */,
				8CAEB00F29BB470B009282AF /* Extension */,
			);
			path = Common;
			sourceTree = "<group>";
		};
		8CAEB00A29BB465C009282AF /* Resources */ = {
			isa = PBXGroup;
			children = (
				8CA398B829B72A2000C09746 /* Assets.xcassets */,
			);
			path = Resources;
			sourceTree = "<group>";
		};
		8CAEB00B29BB4662009282AF /* Storage */ = {
			isa = PBXGroup;
			children = (
				8CD7CD6129BEFF5700C57346 /* LocalDataProfileService.swift */,
				8C2FC1A029BF786D00FDE5DC /* CoreDataManager.swift */,
			);
			path = Storage;
			sourceTree = "<group>";
		};
		8CAEB00C29BB468D009282AF /* HomeMenu */ = {
			isa = PBXGroup;
			children = (
				8CB39B9929C0603200B1D8EF /* Data */,
				8C7563EE29BB6510000373F9 /* Domain */,
				8CB39B9829C05FE300B1D8EF /* Presentation */,
			);
			path = HomeMenu;
			sourceTree = "<group>";
		};
		8CAEB00D29BB46AA009282AF /* Register */ = {
			isa = PBXGroup;
			children = (
				8CD7CD9529BF6E2300C57346 /* Domain */,
				8CAEB01329BB4726009282AF /* Data */,
				8CD7CD8D29BF54BF00C57346 /* Presentation */,
			);
			path = Register;
			sourceTree = "<group>";
		};
		8CAEB00E29BB46DB009282AF /* PersonalData */ = {
			isa = PBXGroup;
			children = (
				8CB39B9C29C06CDE00B1D8EF /* Presentation */,
			);
			path = PersonalData;
			sourceTree = "<group>";
		};
		8CAEB00F29BB470B009282AF /* Extension */ = {
			isa = PBXGroup;
			children = (
				8C7563DC29BB54AE000373F9 /* UIView+Constraint.swift */,
				8CB39BAB29C0C88800B1D8EF /* String+Hash.swift */,
				8C810F7829C3690700AEE548 /* UIViewController+Keyboard.swift */,
			);
			path = Extension;
			sourceTree = "<group>";
		};
		8CAEB01029BB4711009282AF /* Constant */ = {
			isa = PBXGroup;
			children = (
				8C7563E129BB5E8A000373F9 /* ViewValues.swift */,
			);
			path = Constant;
			sourceTree = "<group>";
		};
		8CAEB01129BB471A009282AF /* Component */ = {
			isa = PBXGroup;
			children = (
				8C7563EA29BB6068000373F9 /* StateController */,
			);
			path = Component;
			sourceTree = "<group>";
		};
		8CAEB01229BB4721009282AF /* Layer */ = {
			isa = PBXGroup;
			children = (
				8CAEB01529BB4738009282AF /* Presentation */,
				8CD7CD6D29BF04E200C57346 /* Profile.xcdatamodeld */,
			);
			path = Layer;
			sourceTree = "<group>";
		};
		8CAEB01329BB4726009282AF /* Data */ = {
			isa = PBXGroup;
			children = (
				8CD7CD6629BF016E00C57346 /* RepositoryImplementation */,
			);
			path = Data;
			sourceTree = "<group>";
		};
		8CAEB01529BB4738009282AF /* Presentation */ = {
			isa = PBXGroup;
			children = (
				8C7563E729BB5FE6000373F9 /* ViewModel */,
				8CAEB01129BB471A009282AF /* Component */,
			);
			path = Presentation;
			sourceTree = "<group>";
		};
		8CAEB01929BB479B009282AF /* Coordinator */ = {
			isa = PBXGroup;
			children = (
				8CAEB01F29BB4968009282AF /* Coordinator.swift */,
				8C9F823F29C3C8DC003000CD /* TabBarCoordinator */,
				8CAEB02129BB49AA009282AF /* LoginCoordinator */,
			);
			path = Coordinator;
			sourceTree = "<group>";
		};
		8CAEB01A29BB47A3009282AF /* FactoriesLogin */ = {
			isa = PBXGroup;
			children = (
				8CAEB02429BB4A09009282AF /* AppFactory.swift */,
				8CAEB02829BB4D49009282AF /* HomeFactory.swift */,
				8CD7CD8B29BF53EA00C57346 /* RegisterFactory.swift */,
				46151CC029C1E8470054BCEA /* ForgotFactory.swift */,
			);
			path = FactoriesLogin;
			sourceTree = "<group>";
		};
		8CAEB01B29BB47BA009282AF /* CoordinatorScreen */ = {
			isa = PBXGroup;
			children = (
				8C7D65C129C3755E0038DF59 /* TabCoordinator.swift */,
				8C7D65C729C379A90038DF59 /* ProfileCoordinator.swift */,
				8C9F824529C3CB77003000CD /* PersonalDataCoordinator.swift */,
			);
			path = CoordinatorScreen;
			sourceTree = "<group>";
		};
		8CAEB01C29BB47C4009282AF /* DIContainer */ = {
			isa = PBXGroup;
			children = (
				8CD7CD8529BF3DA900C57346 /* AppContainer.swift */,
			);
			path = DIContainer;
			sourceTree = "<group>";
		};
		8CAEB01D29BB4811009282AF /* LaunchScreen */ = {
			isa = PBXGroup;
			children = (
				8CA398BA29B72A2000C09746 /* LaunchScreen.storyboard */,
			);
			path = LaunchScreen;
			sourceTree = "<group>";
		};
		8CAEB01E29BB48F1009282AF /* System */ = {
			isa = PBXGroup;
			children = (
				8CA398AE29B72A1F00C09746 /* SceneDelegate.swift */,
				8CA398AC29B72A1F00C09746 /* AppDelegate.swift */,
			);
			path = System;
			sourceTree = "<group>";
		};
		8CAEB02129BB49AA009282AF /* LoginCoordinator */ = {
			isa = PBXGroup;
			children = (
				8CAEB02229BB49C3009282AF /* AppCoordinator.swift */,
				8C9F823E29C3C8C1003000CD /* CoordinatorScreenLogin */,
			);
			path = LoginCoordinator;
			sourceTree = "<group>";
		};
		8CB39B9829C05FE300B1D8EF /* Presentation */ = {
			isa = PBXGroup;
			children = (
				8C7563DA29BB5169000373F9 /* View */,
				8C7563DB29BB5173000373F9 /* ViewModel */,
			);
			path = Presentation;
			sourceTree = "<group>";
		};
		8CB39B9929C0603200B1D8EF /* Data */ = {
			isa = PBXGroup;
			children = (
				8CB39B9A29C0604100B1D8EF /* LoginRepositoryImp.swift */,
			);
			path = Data;
			sourceTree = "<group>";
		};
		8CB39B9C29C06CDE00B1D8EF /* Presentation */ = {
			isa = PBXGroup;
			children = (
				8CB39B9D29C06CE500B1D8EF /* View */,
			);
			path = Presentation;
			sourceTree = "<group>";
		};
		8CB39B9D29C06CE500B1D8EF /* View */ = {
			isa = PBXGroup;
			children = (
				8C9F824129C3CA02003000CD /* PersonalDataViewController.swift */,
			);
			path = View;
			sourceTree = "<group>";
		};
		8CB39BAA29C0C25200B1D8EF /* ForgotPassword */ = {
			isa = PBXGroup;
			children = (
				46151CC229C1E8FC0054BCEA /* ForgotViewControllerCoordinator.swift */,
			);
			path = ForgotPassword;
			sourceTree = "<group>";
		};
		8CB8FBBF29C11D9000AC52BD /* AppTabBar */ = {
			isa = PBXGroup;
			children = (
				8CB8FBC029C11DDA00AC52BD /* TabBarViewController.swift */,
			);
			path = AppTabBar;
			sourceTree = "<group>";
		};
		8CD7CD6329BF014700C57346 /* UseCase */ = {
			isa = PBXGroup;
			children = (
				8CB39B9429C05D2500B1D8EF /* LoginDataUseCase.swift */,
			);
			path = UseCase;
			sourceTree = "<group>";
		};
		8CD7CD6629BF016E00C57346 /* RepositoryImplementation */ = {
			isa = PBXGroup;
			children = (
				8CD7CD7529BF0DAA00C57346 /* RegisterRepositoryImp.swift */,
			);
			path = RepositoryImplementation;
			sourceTree = "<group>";
		};
		8CD7CD7229BF0D2E00C57346 /* Error */ = {
			isa = PBXGroup;
			children = (
				8CD7CD7329BF0D4C00C57346 /* ProfileError.swift */,
			);
			path = Error;
			sourceTree = "<group>";
		};
		8CD7CD8D29BF54BF00C57346 /* Presentation */ = {
			isa = PBXGroup;
			children = (
				8CD7CD9129BF62AE00C57346 /* View */,
				8CD7CD9029BF62A800C57346 /* ViewModel */,
			);
			path = Presentation;
			sourceTree = "<group>";
		};
		8CD7CD9029BF62A800C57346 /* ViewModel */ = {
			isa = PBXGroup;
			children = (
				8CD7CD9229BF62BE00C57346 /* RegisterViewModel.swift */,
			);
			path = ViewModel;
			sourceTree = "<group>";
		};
		8CD7CD9129BF62AE00C57346 /* View */ = {
			isa = PBXGroup;
			children = (
				8CD7CD8E29BF54D600C57346 /* RegisterViewController.swift */,
			);
			path = View;
			sourceTree = "<group>";
		};
		8CD7CD9429BF6D7200C57346 /* Data */ = {
			isa = PBXGroup;
			children = (
				8CD7CD7029BF0C7000C57346 /* RegisterRepository.swift */,
			);
			path = Data;
			sourceTree = "<group>";
		};
		8CD7CD9529BF6E2300C57346 /* Domain */ = {
			isa = PBXGroup;
			children = (
				8CD7CD9629BF6E2B00C57346 /* UseCase */,
				8CD7CD9429BF6D7200C57346 /* Data */,
			);
			path = Domain;
			sourceTree = "<group>";
		};
		8CD7CD9629BF6E2B00C57346 /* UseCase */ = {
			isa = PBXGroup;
			children = (
				8CD7CD8129BF1B0B00C57346 /* RegisterDataUseCase.swift */,
			);
			path = UseCase;
			sourceTree = "<group>";
		};
/* End PBXGroup section */

/* Begin PBXNativeTarget section */
		8CA398A829B72A1F00C09746 /* PubgStats */ = {
			isa = PBXNativeTarget;
			buildConfigurationList = 8CA398D629B72A2000C09746 /* Build configuration list for PBXNativeTarget "PubgStats" */;
			buildPhases = (
				8CA398A529B72A1F00C09746 /* Sources */,
				8CA398A629B72A1F00C09746 /* Frameworks */,
				8CA398A729B72A1F00C09746 /* Resources */,
			);
			buildRules = (
			);
			dependencies = (
			);
			name = PubgStats;
			productName = PubgStats;
			productReference = 8CA398A929B72A1F00C09746 /* PubgStats.app */;
			productType = "com.apple.product-type.application";
		};
		8CA398C129B72A2000C09746 /* PubgStatsTests */ = {
			isa = PBXNativeTarget;
			buildConfigurationList = 8CA398D929B72A2000C09746 /* Build configuration list for PBXNativeTarget "PubgStatsTests" */;
			buildPhases = (
				8CA398BE29B72A2000C09746 /* Sources */,
				8CA398BF29B72A2000C09746 /* Frameworks */,
				8CA398C029B72A2000C09746 /* Resources */,
			);
			buildRules = (
			);
			dependencies = (
				8CA398C429B72A2000C09746 /* PBXTargetDependency */,
			);
			name = PubgStatsTests;
			productName = PubgStatsTests;
			productReference = 8CA398C229B72A2000C09746 /* PubgStatsTests.xctest */;
			productType = "com.apple.product-type.bundle.unit-test";
		};
		8CA398CB29B72A2000C09746 /* PubgStatsUITests */ = {
			isa = PBXNativeTarget;
			buildConfigurationList = 8CA398DC29B72A2000C09746 /* Build configuration list for PBXNativeTarget "PubgStatsUITests" */;
			buildPhases = (
				8CA398C829B72A2000C09746 /* Sources */,
				8CA398C929B72A2000C09746 /* Frameworks */,
				8CA398CA29B72A2000C09746 /* Resources */,
			);
			buildRules = (
			);
			dependencies = (
				8CA398CE29B72A2000C09746 /* PBXTargetDependency */,
			);
			name = PubgStatsUITests;
			productName = PubgStatsUITests;
			productReference = 8CA398CC29B72A2000C09746 /* PubgStatsUITests.xctest */;
			productType = "com.apple.product-type.bundle.ui-testing";
		};
/* End PBXNativeTarget section */

/* Begin PBXProject section */
		8CA398A129B72A1F00C09746 /* Project object */ = {
			isa = PBXProject;
			attributes = {
				BuildIndependentTargetsInParallel = 1;
				LastSwiftUpdateCheck = 1420;
				LastUpgradeCheck = 1420;
				TargetAttributes = {
					8CA398A829B72A1F00C09746 = {
						CreatedOnToolsVersion = 14.2;
					};
					8CA398C129B72A2000C09746 = {
						CreatedOnToolsVersion = 14.2;
						TestTargetID = 8CA398A829B72A1F00C09746;
					};
					8CA398CB29B72A2000C09746 = {
						CreatedOnToolsVersion = 14.2;
						TestTargetID = 8CA398A829B72A1F00C09746;
					};
				};
			};
			buildConfigurationList = 8CA398A429B72A1F00C09746 /* Build configuration list for PBXProject "PubgStats" */;
			compatibilityVersion = "Xcode 14.0";
			developmentRegion = en;
			hasScannedForEncodings = 0;
			knownRegions = (
				en,
				Base,
			);
			mainGroup = 8CA398A029B72A1F00C09746;
			productRefGroup = 8CA398AA29B72A1F00C09746 /* Products */;
			projectDirPath = "";
			projectRoot = "";
			targets = (
				8CA398A829B72A1F00C09746 /* PubgStats */,
				8CA398C129B72A2000C09746 /* PubgStatsTests */,
				8CA398CB29B72A2000C09746 /* PubgStatsUITests */,
			);
		};
/* End PBXProject section */

/* Begin PBXResourcesBuildPhase section */
		8CA398A729B72A1F00C09746 /* Resources */ = {
			isa = PBXResourcesBuildPhase;
			buildActionMask = 2147483647;
			files = (
				8CA398BC29B72A2000C09746 /* LaunchScreen.storyboard in Resources */,
				8CA398B929B72A2000C09746 /* Assets.xcassets in Resources */,
			);
			runOnlyForDeploymentPostprocessing = 0;
		};
		8CA398C029B72A2000C09746 /* Resources */ = {
			isa = PBXResourcesBuildPhase;
			buildActionMask = 2147483647;
			files = (
			);
			runOnlyForDeploymentPostprocessing = 0;
		};
		8CA398CA29B72A2000C09746 /* Resources */ = {
			isa = PBXResourcesBuildPhase;
			buildActionMask = 2147483647;
			files = (
			);
			runOnlyForDeploymentPostprocessing = 0;
		};
/* End PBXResourcesBuildPhase section */

/* Begin PBXSourcesBuildPhase section */
		8CA398A529B72A1F00C09746 /* Sources */ = {
			isa = PBXSourcesBuildPhase;
			buildActionMask = 2147483647;
			files = (
				8CAEB02529BB4A09009282AF /* AppFactory.swift in Sources */,
				8CAEB02029BB4968009282AF /* Coordinator.swift in Sources */,
				8CB39BAC29C0C88800B1D8EF /* String+Hash.swift in Sources */,
				8C810F7929C3690700AEE548 /* UIViewController+Keyboard.swift in Sources */,
				8C7D65C829C379A90038DF59 /* ProfileCoordinator.swift in Sources */,
				8CD7CD8629BF3DA900C57346 /* AppContainer.swift in Sources */,
				8CB39BA329C06F7A00B1D8EF /* ChangeTabBarCoordinator.swift in Sources */,
				8CAC3E2F29C3080600A1FE34 /* GuideViewModel.swift in Sources */,
				8C7563E429BB5F17000373F9 /* MessageDisplayable.swift in Sources */,
				8CB39B9729C05DDE00B1D8EF /* LoginRepository.swift in Sources */,
				8C7D65C229C3755E0038DF59 /* TabCoordinator.swift in Sources */,
				8C7D65C629C377E50038DF59 /* ProfileFactory.swift in Sources */,
				8C810F7729C3442A00AEE548 /* PruebaViewController.swift in Sources */,
				8C9F824429C3CAAB003000CD /* PersonalDataFactory.swift in Sources */,
				8CD7CD8A29BF53A800C57346 /* RegisterCoordinator.swift in Sources */,
				8CA17EBB29C465E900ADFFE2 /* CreateNavController.swift in Sources */,
				8CB8FBC129C11DDA00AC52BD /* TabBarViewController.swift in Sources */,
				8C7563E929BB600A000373F9 /* BaseViewModel.swift in Sources */,
				8CD7CD7129BF0C7000C57346 /* RegisterRepository.swift in Sources */,
				8CD7CD6F29BF04E200C57346 /* Profile.xcdatamodeld in Sources */,
				8C7563EC29BB6073000373F9 /* StateController.swift in Sources */,
				8C7563E229BB5E8A000373F9 /* ViewValues.swift in Sources */,
				46151CC129C1E8470054BCEA /* ForgotFactory.swift in Sources */,
				8C7563E029BB5E5E000373F9 /* SpinnerDisplayable.swift in Sources */,
				8CB39BA729C0917000B1D8EF /* ViewScrollable.swift in Sources */,
				8CA398B129B72A1F00C09746 /* HomeMenuViewController.swift in Sources */,
				8CAEB02329BB49C3009282AF /* AppCoordinator.swift in Sources */,
				8CD7CD8C29BF53EA00C57346 /* RegisterFactory.swift in Sources */,
				8CA398AD29B72A1F00C09746 /* AppDelegate.swift in Sources */,
				46151CC829C1E9F40054BCEA /* ForgotCoordinator.swift in Sources */,
				8CD7CD9329BF62BE00C57346 /* RegisterViewModel.swift in Sources */,
				8CD7CD7629BF0DAA00C57346 /* RegisterRepositoryImp.swift in Sources */,
				8CAC3E3129C31D4700A1FE34 /* UrlGuide.swift in Sources */,
				8CAC3E2D29C3055300A1FE34 /* GuideViewController.swift in Sources */,
				8C7563E629BB5FBA000373F9 /* HomeMenuViewModel.swift in Sources */,
				8C9F824229C3CA02003000CD /* PersonalDataViewController.swift in Sources */,
				8CAEB02929BB4D49009282AF /* HomeFactory.swift in Sources */,
				8C7563DD29BB54AE000373F9 /* UIView+Constraint.swift in Sources */,
				8C9F824629C3CB77003000CD /* PersonalDataCoordinator.swift in Sources */,
				46151CC329C1E8FC0054BCEA /* ForgotViewControllerCoordinator.swift in Sources */,
				8CD7CD7429BF0D4C00C57346 /* ProfileError.swift in Sources */,
				8CA17EBD29C46F8100ADFFE2 /* TabBarFactory.swift in Sources */,
				8C31FDB729C329E500196704 /* ContactViewController.swift in Sources */,
				8CB39BA929C0919600B1D8EF /* KeyboardDisplayable.swift in Sources */,
				46151CB729C1B9780054BCEA /* ProfilePubgViewController.swift in Sources */,
				8CAEB02729BB4D0B009282AF /* HomeCoordinator.swift in Sources */,
				8CB39B9529C05D2500B1D8EF /* LoginDataUseCase.swift in Sources */,
				8CA398AF29B72A1F00C09746 /* SceneDelegate.swift in Sources */,
				8CB39B9B29C0604100B1D8EF /* LoginRepositoryImp.swift in Sources */,
				8CD7CD8F29BF54D600C57346 /* RegisterViewController.swift in Sources */,
				8CD7CD6229BEFF5700C57346 /* LocalDataProfileService.swift in Sources */,
				8C2FC1A129BF786D00FDE5DC /* CoreDataManager.swift in Sources */,
				8CD7CD8229BF1B0B00C57346 /* RegisterDataUseCase.swift in Sources */,
			);
			runOnlyForDeploymentPostprocessing = 0;
		};
		8CA398BE29B72A2000C09746 /* Sources */ = {
			isa = PBXSourcesBuildPhase;
			buildActionMask = 2147483647;
			files = (
				8CA398C729B72A2000C09746 /* PubgStatsTests.swift in Sources */,
			);
			runOnlyForDeploymentPostprocessing = 0;
		};
		8CA398C829B72A2000C09746 /* Sources */ = {
			isa = PBXSourcesBuildPhase;
			buildActionMask = 2147483647;
			files = (
				8CA398D329B72A2000C09746 /* PubgStatsUITestsLaunchTests.swift in Sources */,
				8CA398D129B72A2000C09746 /* PubgStatsUITests.swift in Sources */,
			);
			runOnlyForDeploymentPostprocessing = 0;
		};
/* End PBXSourcesBuildPhase section */

/* Begin PBXTargetDependency section */
		8CA398C429B72A2000C09746 /* PBXTargetDependency */ = {
			isa = PBXTargetDependency;
			target = 8CA398A829B72A1F00C09746 /* PubgStats */;
			targetProxy = 8CA398C329B72A2000C09746 /* PBXContainerItemProxy */;
		};
		8CA398CE29B72A2000C09746 /* PBXTargetDependency */ = {
			isa = PBXTargetDependency;
			target = 8CA398A829B72A1F00C09746 /* PubgStats */;
			targetProxy = 8CA398CD29B72A2000C09746 /* PBXContainerItemProxy */;
		};
/* End PBXTargetDependency section */

/* Begin PBXVariantGroup section */
		8CA398BA29B72A2000C09746 /* LaunchScreen.storyboard */ = {
			isa = PBXVariantGroup;
			children = (
				8CA398BB29B72A2000C09746 /* Base */,
			);
			name = LaunchScreen.storyboard;
			sourceTree = "<group>";
		};
/* End PBXVariantGroup section */

/* Begin XCBuildConfiguration section */
		8CA398D429B72A2000C09746 /* Debug */ = {
			isa = XCBuildConfiguration;
			buildSettings = {
				ALWAYS_SEARCH_USER_PATHS = NO;
				CLANG_ANALYZER_NONNULL = YES;
				CLANG_ANALYZER_NUMBER_OBJECT_CONVERSION = YES_AGGRESSIVE;
				CLANG_CXX_LANGUAGE_STANDARD = "gnu++20";
				CLANG_ENABLE_MODULES = YES;
				CLANG_ENABLE_OBJC_ARC = YES;
				CLANG_ENABLE_OBJC_WEAK = YES;
				CLANG_WARN_BLOCK_CAPTURE_AUTORELEASING = YES;
				CLANG_WARN_BOOL_CONVERSION = YES;
				CLANG_WARN_COMMA = YES;
				CLANG_WARN_CONSTANT_CONVERSION = YES;
				CLANG_WARN_DEPRECATED_OBJC_IMPLEMENTATIONS = YES;
				CLANG_WARN_DIRECT_OBJC_ISA_USAGE = YES_ERROR;
				CLANG_WARN_DOCUMENTATION_COMMENTS = YES;
				CLANG_WARN_EMPTY_BODY = YES;
				CLANG_WARN_ENUM_CONVERSION = YES;
				CLANG_WARN_INFINITE_RECURSION = YES;
				CLANG_WARN_INT_CONVERSION = YES;
				CLANG_WARN_NON_LITERAL_NULL_CONVERSION = YES;
				CLANG_WARN_OBJC_IMPLICIT_RETAIN_SELF = YES;
				CLANG_WARN_OBJC_LITERAL_CONVERSION = YES;
				CLANG_WARN_OBJC_ROOT_CLASS = YES_ERROR;
				CLANG_WARN_QUOTED_INCLUDE_IN_FRAMEWORK_HEADER = YES;
				CLANG_WARN_RANGE_LOOP_ANALYSIS = YES;
				CLANG_WARN_STRICT_PROTOTYPES = YES;
				CLANG_WARN_SUSPICIOUS_MOVE = YES;
				CLANG_WARN_UNGUARDED_AVAILABILITY = YES_AGGRESSIVE;
				CLANG_WARN_UNREACHABLE_CODE = YES;
				CLANG_WARN__DUPLICATE_METHOD_MATCH = YES;
				COPY_PHASE_STRIP = NO;
				DEBUG_INFORMATION_FORMAT = dwarf;
				ENABLE_STRICT_OBJC_MSGSEND = YES;
				ENABLE_TESTABILITY = YES;
				GCC_C_LANGUAGE_STANDARD = gnu11;
				GCC_DYNAMIC_NO_PIC = NO;
				GCC_NO_COMMON_BLOCKS = YES;
				GCC_OPTIMIZATION_LEVEL = 0;
				GCC_PREPROCESSOR_DEFINITIONS = (
					"DEBUG=1",
					"$(inherited)",
				);
				GCC_WARN_64_TO_32_BIT_CONVERSION = YES;
				GCC_WARN_ABOUT_RETURN_TYPE = YES_ERROR;
				GCC_WARN_UNDECLARED_SELECTOR = YES;
				GCC_WARN_UNINITIALIZED_AUTOS = YES_AGGRESSIVE;
				GCC_WARN_UNUSED_FUNCTION = YES;
				GCC_WARN_UNUSED_VARIABLE = YES;
				IPHONEOS_DEPLOYMENT_TARGET = 16.2;
				MTL_ENABLE_DEBUG_INFO = INCLUDE_SOURCE;
				MTL_FAST_MATH = YES;
				ONLY_ACTIVE_ARCH = YES;
				SDKROOT = iphoneos;
				SWIFT_ACTIVE_COMPILATION_CONDITIONS = DEBUG;
				SWIFT_OPTIMIZATION_LEVEL = "-Onone";
			};
			name = Debug;
		};
		8CA398D529B72A2000C09746 /* Release */ = {
			isa = XCBuildConfiguration;
			buildSettings = {
				ALWAYS_SEARCH_USER_PATHS = NO;
				CLANG_ANALYZER_NONNULL = YES;
				CLANG_ANALYZER_NUMBER_OBJECT_CONVERSION = YES_AGGRESSIVE;
				CLANG_CXX_LANGUAGE_STANDARD = "gnu++20";
				CLANG_ENABLE_MODULES = YES;
				CLANG_ENABLE_OBJC_ARC = YES;
				CLANG_ENABLE_OBJC_WEAK = YES;
				CLANG_WARN_BLOCK_CAPTURE_AUTORELEASING = YES;
				CLANG_WARN_BOOL_CONVERSION = YES;
				CLANG_WARN_COMMA = YES;
				CLANG_WARN_CONSTANT_CONVERSION = YES;
				CLANG_WARN_DEPRECATED_OBJC_IMPLEMENTATIONS = YES;
				CLANG_WARN_DIRECT_OBJC_ISA_USAGE = YES_ERROR;
				CLANG_WARN_DOCUMENTATION_COMMENTS = YES;
				CLANG_WARN_EMPTY_BODY = YES;
				CLANG_WARN_ENUM_CONVERSION = YES;
				CLANG_WARN_INFINITE_RECURSION = YES;
				CLANG_WARN_INT_CONVERSION = YES;
				CLANG_WARN_NON_LITERAL_NULL_CONVERSION = YES;
				CLANG_WARN_OBJC_IMPLICIT_RETAIN_SELF = YES;
				CLANG_WARN_OBJC_LITERAL_CONVERSION = YES;
				CLANG_WARN_OBJC_ROOT_CLASS = YES_ERROR;
				CLANG_WARN_QUOTED_INCLUDE_IN_FRAMEWORK_HEADER = YES;
				CLANG_WARN_RANGE_LOOP_ANALYSIS = YES;
				CLANG_WARN_STRICT_PROTOTYPES = YES;
				CLANG_WARN_SUSPICIOUS_MOVE = YES;
				CLANG_WARN_UNGUARDED_AVAILABILITY = YES_AGGRESSIVE;
				CLANG_WARN_UNREACHABLE_CODE = YES;
				CLANG_WARN__DUPLICATE_METHOD_MATCH = YES;
				COPY_PHASE_STRIP = NO;
				DEBUG_INFORMATION_FORMAT = "dwarf-with-dsym";
				ENABLE_NS_ASSERTIONS = NO;
				ENABLE_STRICT_OBJC_MSGSEND = YES;
				GCC_C_LANGUAGE_STANDARD = gnu11;
				GCC_NO_COMMON_BLOCKS = YES;
				GCC_WARN_64_TO_32_BIT_CONVERSION = YES;
				GCC_WARN_ABOUT_RETURN_TYPE = YES_ERROR;
				GCC_WARN_UNDECLARED_SELECTOR = YES;
				GCC_WARN_UNINITIALIZED_AUTOS = YES_AGGRESSIVE;
				GCC_WARN_UNUSED_FUNCTION = YES;
				GCC_WARN_UNUSED_VARIABLE = YES;
				IPHONEOS_DEPLOYMENT_TARGET = 16.2;
				MTL_ENABLE_DEBUG_INFO = NO;
				MTL_FAST_MATH = YES;
				SDKROOT = iphoneos;
				SWIFT_COMPILATION_MODE = wholemodule;
				SWIFT_OPTIMIZATION_LEVEL = "-O";
				VALIDATE_PRODUCT = YES;
			};
			name = Release;
		};
		8CA398D729B72A2000C09746 /* Debug */ = {
			isa = XCBuildConfiguration;
			buildSettings = {
				ASSETCATALOG_COMPILER_APPICON_NAME = AppIcon;
				ASSETCATALOG_COMPILER_GLOBAL_ACCENT_COLOR_NAME = AccentColor;
				CODE_SIGN_STYLE = Automatic;
				CURRENT_PROJECT_VERSION = 1;
				DEVELOPMENT_TEAM = VBHK2Y84U5;
				GENERATE_INFOPLIST_FILE = YES;
				INFOPLIST_FILE = PubgStats/Info.plist;
				INFOPLIST_KEY_UIApplicationSupportsIndirectInputEvents = YES;
				INFOPLIST_KEY_UILaunchStoryboardName = LaunchScreen;
				INFOPLIST_KEY_UIMainStoryboardFile = "";
				INFOPLIST_KEY_UISupportedInterfaceOrientations_iPad = "UIInterfaceOrientationPortrait UIInterfaceOrientationPortraitUpsideDown UIInterfaceOrientationLandscapeLeft UIInterfaceOrientationLandscapeRight";
				INFOPLIST_KEY_UISupportedInterfaceOrientations_iPhone = "UIInterfaceOrientationPortrait UIInterfaceOrientationLandscapeLeft UIInterfaceOrientationLandscapeRight";
				LD_RUNPATH_SEARCH_PATHS = (
					"$(inherited)",
					"@executable_path/Frameworks",
				);
				MARKETING_VERSION = 1.0;
				PRODUCT_BUNDLE_IDENTIFIER = com.practica.PubgStats;
				PRODUCT_NAME = "$(TARGET_NAME)";
				SWIFT_EMIT_LOC_STRINGS = YES;
				SWIFT_VERSION = 5.0;
				TARGETED_DEVICE_FAMILY = "1,2";
			};
			name = Debug;
		};
		8CA398D829B72A2000C09746 /* Release */ = {
			isa = XCBuildConfiguration;
			buildSettings = {
				ASSETCATALOG_COMPILER_APPICON_NAME = AppIcon;
				ASSETCATALOG_COMPILER_GLOBAL_ACCENT_COLOR_NAME = AccentColor;
				CODE_SIGN_STYLE = Automatic;
				CURRENT_PROJECT_VERSION = 1;
				DEVELOPMENT_TEAM = VBHK2Y84U5;
				GENERATE_INFOPLIST_FILE = YES;
				INFOPLIST_FILE = PubgStats/Info.plist;
				INFOPLIST_KEY_UIApplicationSupportsIndirectInputEvents = YES;
				INFOPLIST_KEY_UILaunchStoryboardName = LaunchScreen;
				INFOPLIST_KEY_UIMainStoryboardFile = "";
				INFOPLIST_KEY_UISupportedInterfaceOrientations_iPad = "UIInterfaceOrientationPortrait UIInterfaceOrientationPortraitUpsideDown UIInterfaceOrientationLandscapeLeft UIInterfaceOrientationLandscapeRight";
				INFOPLIST_KEY_UISupportedInterfaceOrientations_iPhone = "UIInterfaceOrientationPortrait UIInterfaceOrientationLandscapeLeft UIInterfaceOrientationLandscapeRight";
				LD_RUNPATH_SEARCH_PATHS = (
					"$(inherited)",
					"@executable_path/Frameworks",
				);
				MARKETING_VERSION = 1.0;
				PRODUCT_BUNDLE_IDENTIFIER = com.practica.PubgStats;
				PRODUCT_NAME = "$(TARGET_NAME)";
				SWIFT_EMIT_LOC_STRINGS = YES;
				SWIFT_VERSION = 5.0;
				TARGETED_DEVICE_FAMILY = "1,2";
			};
			name = Release;
		};
		8CA398DA29B72A2000C09746 /* Debug */ = {
			isa = XCBuildConfiguration;
			buildSettings = {
				ALWAYS_EMBED_SWIFT_STANDARD_LIBRARIES = YES;
				BUNDLE_LOADER = "$(TEST_HOST)";
				CODE_SIGN_STYLE = Automatic;
				CURRENT_PROJECT_VERSION = 1;
				GENERATE_INFOPLIST_FILE = YES;
				IPHONEOS_DEPLOYMENT_TARGET = 16.2;
				MARKETING_VERSION = 1.0;
				PRODUCT_BUNDLE_IDENTIFIER = com.practica.PubgStatsTests;
				PRODUCT_NAME = "$(TARGET_NAME)";
				SWIFT_EMIT_LOC_STRINGS = NO;
				SWIFT_VERSION = 5.0;
				TARGETED_DEVICE_FAMILY = "1,2";
				TEST_HOST = "$(BUILT_PRODUCTS_DIR)/PubgStats.app/$(BUNDLE_EXECUTABLE_FOLDER_PATH)/PubgStats";
			};
			name = Debug;
		};
		8CA398DB29B72A2000C09746 /* Release */ = {
			isa = XCBuildConfiguration;
			buildSettings = {
				ALWAYS_EMBED_SWIFT_STANDARD_LIBRARIES = YES;
				BUNDLE_LOADER = "$(TEST_HOST)";
				CODE_SIGN_STYLE = Automatic;
				CURRENT_PROJECT_VERSION = 1;
				GENERATE_INFOPLIST_FILE = YES;
				IPHONEOS_DEPLOYMENT_TARGET = 16.2;
				MARKETING_VERSION = 1.0;
				PRODUCT_BUNDLE_IDENTIFIER = com.practica.PubgStatsTests;
				PRODUCT_NAME = "$(TARGET_NAME)";
				SWIFT_EMIT_LOC_STRINGS = NO;
				SWIFT_VERSION = 5.0;
				TARGETED_DEVICE_FAMILY = "1,2";
				TEST_HOST = "$(BUILT_PRODUCTS_DIR)/PubgStats.app/$(BUNDLE_EXECUTABLE_FOLDER_PATH)/PubgStats";
			};
			name = Release;
		};
		8CA398DD29B72A2000C09746 /* Debug */ = {
			isa = XCBuildConfiguration;
			buildSettings = {
				ALWAYS_EMBED_SWIFT_STANDARD_LIBRARIES = YES;
				CODE_SIGN_STYLE = Automatic;
				CURRENT_PROJECT_VERSION = 1;
				GENERATE_INFOPLIST_FILE = YES;
				MARKETING_VERSION = 1.0;
				PRODUCT_BUNDLE_IDENTIFIER = com.practica.PubgStatsUITests;
				PRODUCT_NAME = "$(TARGET_NAME)";
				SWIFT_EMIT_LOC_STRINGS = NO;
				SWIFT_VERSION = 5.0;
				TARGETED_DEVICE_FAMILY = "1,2";
				TEST_TARGET_NAME = PubgStats;
			};
			name = Debug;
		};
		8CA398DE29B72A2000C09746 /* Release */ = {
			isa = XCBuildConfiguration;
			buildSettings = {
				ALWAYS_EMBED_SWIFT_STANDARD_LIBRARIES = YES;
				CODE_SIGN_STYLE = Automatic;
				CURRENT_PROJECT_VERSION = 1;
				GENERATE_INFOPLIST_FILE = YES;
				MARKETING_VERSION = 1.0;
				PRODUCT_BUNDLE_IDENTIFIER = com.practica.PubgStatsUITests;
				PRODUCT_NAME = "$(TARGET_NAME)";
				SWIFT_EMIT_LOC_STRINGS = NO;
				SWIFT_VERSION = 5.0;
				TARGETED_DEVICE_FAMILY = "1,2";
				TEST_TARGET_NAME = PubgStats;
			};
			name = Release;
		};
/* End XCBuildConfiguration section */

/* Begin XCConfigurationList section */
		8CA398A429B72A1F00C09746 /* Build configuration list for PBXProject "PubgStats" */ = {
			isa = XCConfigurationList;
			buildConfigurations = (
				8CA398D429B72A2000C09746 /* Debug */,
				8CA398D529B72A2000C09746 /* Release */,
			);
			defaultConfigurationIsVisible = 0;
			defaultConfigurationName = Release;
		};
		8CA398D629B72A2000C09746 /* Build configuration list for PBXNativeTarget "PubgStats" */ = {
			isa = XCConfigurationList;
			buildConfigurations = (
				8CA398D729B72A2000C09746 /* Debug */,
				8CA398D829B72A2000C09746 /* Release */,
			);
			defaultConfigurationIsVisible = 0;
			defaultConfigurationName = Release;
		};
		8CA398D929B72A2000C09746 /* Build configuration list for PBXNativeTarget "PubgStatsTests" */ = {
			isa = XCConfigurationList;
			buildConfigurations = (
				8CA398DA29B72A2000C09746 /* Debug */,
				8CA398DB29B72A2000C09746 /* Release */,
			);
			defaultConfigurationIsVisible = 0;
			defaultConfigurationName = Release;
		};
		8CA398DC29B72A2000C09746 /* Build configuration list for PBXNativeTarget "PubgStatsUITests" */ = {
			isa = XCConfigurationList;
			buildConfigurations = (
				8CA398DD29B72A2000C09746 /* Debug */,
				8CA398DE29B72A2000C09746 /* Release */,
			);
			defaultConfigurationIsVisible = 0;
			defaultConfigurationName = Release;
		};
/* End XCConfigurationList section */

/* Begin XCVersionGroup section */
		8CD7CD6D29BF04E200C57346 /* Profile.xcdatamodeld */ = {
			isa = XCVersionGroup;
			children = (
				8CD7CD6E29BF04E200C57346 /* Profile.xcdatamodel */,
			);
			currentVersion = 8CD7CD6E29BF04E200C57346 /* Profile.xcdatamodel */;
			path = Profile.xcdatamodeld;
			sourceTree = "<group>";
			versionGroupType = wrapper.xcdatamodel;
		};
/* End XCVersionGroup section */
	};
	rootObject = 8CA398A129B72A1F00C09746 /* Project object */;
}
